{
  "name": "js",
  "version": "1.0.0",
  "lockfileVersion": 2,
  "requires": true,
  "packages": {
    "": {
      "name": "js",
      "version": "1.0.0",
      "license": "MIT",
      "dependencies": {
        "samp-node-lib": "peterszombati/samp-node-lib"
      }
    },
    "node_modules/samp-node-lib": {
      "version": "1.0.5",
      "resolved": "git+ssh://git@github.com/peterszombati/samp-node-lib.git#dcf870f4798ddef5271d80809064c4d52a8a7287",
      "license": "BSD 4-Clause"
    }
  },
  "dependencies": {
    "samp-node-lib": {
      "version": "git+ssh://git@github.com/peterszombati/samp-node-lib.git#dcf870f4798ddef5271d80809064c4d52a8a7287",
      "from": "samp-node-lib@peterszombati/samp-node-lib"
    }
  }
}
